// !$*UTF8*$!
{
	archiveVersion = 1;
	classes = {
	};
	objectVersion = 50;
	objects = {

/* Begin PBXBuildFile section */
		48A673BC23E1758F007F5ECF /* main.m in Sources */ = {isa = PBXBuildFile; fileRef = 48A673BB23E1758F007F5ECF /* main.m */; };
		48A673C423E175B5007F5ECF /* Assistant.m in Sources */ = {isa = PBXBuildFile; fileRef = 48A673C323E175B5007F5ECF /* Assistant.m */; };
		48A673C723E17674007F5ECF /* Leader.m in Sources */ = {isa = PBXBuildFile; fileRef = 48A673C623E17674007F5ECF /* Leader.m */; };
		48A673CA23E179A4007F5ECF /* Assistant2.m in Sources */ = {isa = PBXBuildFile; fileRef = 48A673C923E179A4007F5ECF /* Assistant2.m */; };
/* End PBXBuildFile section */

/* Begin PBXCopyFilesBuildPhase section */
		48A673B623E1758F007F5ECF /* CopyFiles */ = {
			isa = PBXCopyFilesBuildPhase;
			buildActionMask = 2147483647;
			dstPath = /usr/share/man/man1/;
			dstSubfolderSpec = 0;
			files = (
			);
			runOnlyForDeploymentPostprocessing = 1;
		};
/* End PBXCopyFilesBuildPhase section */

/* Begin PBXFileReference section */
		48A673B823E1758F007F5ECF /* OC26 */ = {isa = PBXFileReference; explicitFileType = "compiled.mach-o.executable"; includeInIndex = 0; path = OC26; sourceTree = BUILT_PRODUCTS_DIR; };
		48A673BB23E1758F007F5ECF /* main.m */ = {isa = PBXFileReference; lastKnownFileType = sourcecode.c.objc; path = main.m; sourceTree = "<group>"; };
		48A673C223E175B5007F5ECF /* Assistant.h */ = {isa = PBXFileReference; lastKnownFileType = sourcecode.c.h; path = Assistant.h; sourceTree = "<group>"; };
		48A673C323E175B5007F5ECF /* Assistant.m */ = {isa = PBXFileReference; lastKnownFileType = sourcecode.c.objc; path = Assistant.m; sourceTree = "<group>"; };
		48A673C523E17674007F5ECF /* Leader.h */ = {isa = PBXFileReference; lastKnownFileType = sourcecode.c.h; path = Leader.h; sourceTree = "<group>"; };
		48A673C623E17674007F5ECF /* Leader.m */ = {isa = PBXFileReference; lastKnownFileType = sourcecode.c.objc; path = Leader.m; sourceTree = "<group>"; };
		48A673C823E179A4007F5ECF /* Assistant2.h */ = {isa = PBXFileReference; lastKnownFileType = sourcecode.c.h; path = Assistant2.h; sourceTree = "<group>"; };
		48A673C923E179A4007F5ECF /* Assistant2.m */ = {isa = PBXFileReference; lastKnownFileType = sourcecode.c.objc; path = Assistant2.m; sourceTree = "<group>"; };
		48A673CB23E17B15007F5ECF /* TicketDelegate.h */ = {isa = PBXFileReference; lastKnownFileType = sourcecode.c.h; path = TicketDelegate.h; sourceTree = "<group>"; };
/* End PBXFileReference section */

/* Begin PBXFrameworksBuildPhase section */
		48A673B523E1758F007F5ECF /* Frameworks */ = {
			isa = PBXFrameworksBuildPhase;
			buildActionMask = 2147483647;
			files = (
			);
			runOnlyForDeploymentPostprocessing = 0;
		};
/* End PBXFrameworksBuildPhase section */

/* Begin PBXGroup section */
		48A673AF23E1758F007F5ECF = {
			isa = PBXGroup;
			children = (
				48A673BA23E1758F007F5ECF /* OC26 */,
				48A673B923E1758F007F5ECF /* Products */,
			);
			sourceTree = "<group>";
		};
		48A673B923E1758F007F5ECF /* Products */ = {
			isa = PBXGroup;
			children = (
				48A673B823E1758F007F5ECF /* OC26 */,
			);
			name = Products;
			sourceTree = "<group>";
		};
		48A673BA23E1758F007F5ECF /* OC26 */ = {
			isa = PBXGroup;
			children = (
				48A673BB23E1758F007F5ECF /* main.m */,
				48A673C223E175B5007F5ECF /* Assistant.h */,
				48A673C323E175B5007F5ECF /* Assistant.m */,
				48A673C523E17674007F5ECF /* Leader.h */,
				48A673C623E17674007F5ECF /* Leader.m */,
				48A673C823E179A4007F5ECF /* Assistant2.h */,
				48A673C923E179A4007F5ECF /* Assistant2.m */,
				48A673CB23E17B15007F5ECF /* TicketDelegate.h */,
			);
			path = OC26;
			sourceTree = "<group>";
		};
/* End PBXGroup section */

/* Begin PBXNativeTarget section */
		48A673B723E1758F007F5ECF /* OC26 */ = {
			isa = PBXNativeTarget;
			buildConfigurationList = 48A673BF23E1758F007F5ECF /* Build configuration list for PBXNativeTarget "OC26" */;
			buildPhases = (
				48A673B423E1758F007F5ECF /* Sources */,
				48A673B523E1758F007F5ECF /* Frameworks */,
				48A673B623E1758F007F5ECF /* CopyFiles */,
			);
			buildRules = (
			);
			dependencies = (
			);
			name = OC26;
			productName = OC26;
			productReference = 48A673B823E1758F007F5ECF /* OC26 */;
			productType = "com.apple.product-type.tool";
		};
/* End PBXNativeTarget section */

/* Begin PBXProject section */
		48A673B023E1758F007F5ECF /* Project object */ = {
			isa = PBXProject;
			attributes = {
				LastUpgradeCheck = 1130;
				ORGANIZATIONNAME = zmrbak;
				TargetAttributes = {
					48A673B723E1758F007F5ECF = {
						CreatedOnToolsVersion = 11.3.1;
					};
				};
			};
			buildConfigurationList = 48A673B323E1758F007F5ECF /* Build configuration list for PBXProject "OC26" */;
			compatibilityVersion = "Xcode 9.3";
			developmentRegion = en;
			hasScannedForEncodings = 0;
			knownRegions = (
				en,
				Base,
			);
			mainGroup = 48A673AF23E1758F007F5ECF;
			productRefGroup = 48A673B923E1758F007F5ECF /* Products */;
			projectDirPath = "";
			projectRoot = "";
			targets = (
				48A673B723E1758F007F5ECF /* OC26 */,
			);
		};
/* End PBXProject section */

/* Begin PBXSourcesBuildPhase section */
		48A673B423E1758F007F5ECF /* Sources */ = {
			isa = PBXSourcesBuildPhase;
			buildActionMask = 2147483647;
			files = (
				48A673C423E175B5007F5ECF /* Assistant.m in Sources */,
				48A673C723E17674007F5ECF /* Leader.m in Sources */,
				48A673BC23E1758F007F5ECF /* main.m in Sources */,
				48A673CA23E179A4007F5ECF /* Assistant2.m in Sources */,
			);
			runOnlyForDeploymentPostprocessing = 0;
		};
/* End PBXSourcesBuildPhase section */

/* Begin XCBuildConfiguration section */
		48A673BD23E1758F007F5ECF /* Debug */ = {
			isa = XCBuildConfiguration;
			buildSettings = {
				ALWAYS_SEARCH_USER_PATHS = NO;
				CLANG_ANALYZER_NONNULL = YES;
				CLANG_ANALYZER_NUMBER_OBJECT_CONVERSION = YES_AGGRESSIVE;
				CLANG_CXX_LANGUAGE_STANDARD = "gnu++14";
				CLANG_CXX_LIBRARY = "libc++";
				CLANG_ENABLE_MODULES = YES;
				CLANG_ENABLE_OBJC_ARC = YES;
				CLANG_ENABLE_OBJC_WEAK = YES;
				CLANG_WARN_BLOCK_CAPTURE_AUTORELEASING = YES;
				CLANG_WARN_BOOL_CONVERSION = YES;
				CLANG_WARN_COMMA = YES;
				CLANG_WARN_CONSTANT_CONVERSION = YES;
				CLANG_WARN_DEPRECATED_OBJC_IMPLEMENTATIONS = YES;
				CLANG_WARN_DIRECT_OBJC_ISA_USAGE = YES_ERROR;
				CLANG_WARN_DOCUMENTATION_COMMENTS = YES;
				CLANG_WARN_EMPTY_BODY = YES;
				CLANG_WARN_ENUM_CONVERSION = YES;
				CLANG_WARN_INFINITE_RECURSION = YES;
				CLANG_WARN_INT_CONVERSION = YES;
				CLANG_WARN_NON_LITERAL_NULL_CONVERSION = YES;
				CLANG_WARN_OBJC_IMPLICIT_RETAIN_SELF = YES;
				CLANG_WARN_OBJC_LITERAL_CONVERSION = YES;
				CLANG_WARN_OBJC_ROOT_CLASS = YES_ERROR;
				CLANG_WARN_RANGE_LOOP_ANALYSIS = YES;
				CLANG_WARN_STRICT_PROTOTYPES = YES;
				CLANG_WARN_SUSPICIOUS_MOVE = YES;
				CLANG_WARN_UNGUARDED_AVAILABILITY = YES_AGGRESSIVE;
				CLANG_WARN_UNREACHABLE_CODE = YES;
				CLANG_WARN__DUPLICATE_METHOD_MATCH = YES;
				COPY_PHASE_STRIP = NO;
				DEBUG_INFORMATION_FORMAT = dwarf;
				ENABLE_STRICT_OBJC_MSGSEND = YES;
				ENABLE_TESTABILITY = YES;
				GCC_C_LANGUAGE_STANDARD = gnu11;
				GCC_DYNAMIC_NO_PIC = NO;
				GCC_NO_COMMON_BLOCKS = YES;
				GCC_OPTIMIZATION_LEVEL = 0;
				GCC_PREPROCESSOR_DEFINITIONS = (
					"DEBUG=1",
					"$(inherited)",
				);
				GCC_WARN_64_TO_32_BIT_CONVERSION = YES;
				GCC_WARN_ABOUT_RETURN_TYPE = YES_ERROR;
				GCC_WARN_UNDECLARED_SELECTOR = YES;
				GCC_WARN_UNINITIALIZED_AUTOS = YES_AGGRESSIVE;
				GCC_WARN_UNUSED_FUNCTION = YES;
				GCC_WARN_UNUSED_VARIABLE = YES;
				MACOSX_DEPLOYMENT_TARGET = 10.15;
				MTL_ENABLE_DEBUG_INFO = INCLUDE_SOURCE;
				MTL_FAST_MATH = YES;
				ONLY_ACTIVE_ARCH = YES;
				SDKROOT = macosx;
			};
			name = Debug;
		};
		48A673BE23E1758F007F5ECF /* Release */ = {
			isa = XCBuildConfiguration;
			buildSettings = {
				ALWAYS_SEARCH_USER_PATHS = NO;
				CLANG_ANALYZER_NONNULL = YES;
				CLANG_ANALYZER_NUMBER_OBJECT_CONVERSION = YES_AGGRESSIVE;
				CLANG_CXX_LANGUAGE_STANDARD = "gnu++14";
				CLANG_CXX_LIBRARY = "libc++";
				CLANG_ENABLE_MODULES = YES;
				CLANG_ENABLE_OBJC_ARC = YES;
				CLANG_ENABLE_OBJC_WEAK = YES;
				CLANG_WARN_BLOCK_CAPTURE_AUTORELEASING = YES;
				CLANG_WARN_BOOL_CONVERSION = YES;
				CLANG_WARN_COMMA = YES;
				CLANG_WARN_CONSTANT_CONVERSION = YES;
				CLANG_WARN_DEPRECATED_OBJC_IMPLEMENTATIONS = YES;
				CLANG_WARN_DIRECT_OBJC_ISA_USAGE = YES_ERROR;
				CLANG_WARN_DOCUMENTATION_COMMENTS = YES;
				CLANG_WARN_EMPTY_BODY = YES;
				CLANG_WARN_ENUM_CONVERSION = YES;
				CLANG_WARN_INFINITE_RECURSION = YES;
				CLANG_WARN_INT_CONVERSION = YES;
				CLANG_WARN_NON_LITERAL_NULL_CONVERSION = YES;
				CLANG_WARN_OBJC_IMPLICIT_RETAIN_SELF = YES;
				CLANG_WARN_OBJC_LITERAL_CONVERSION = YES;
				CLANG_WARN_OBJC_ROOT_CLASS = YES_ERROR;
				CLANG_WARN_RANGE_LOOP_ANALYSIS = YES;
				CLANG_WARN_STRICT_PROTOTYPES = YES;
				CLANG_WARN_SUSPICIOUS_MOVE = YES;
				CLANG_WARN_UNGUARDED_AVAILABILITY = YES_AGGRESSIVE;
				CLANG_WARN_UNREACHABLE_CODE = YES;
				CLANG_WARN__DUPLICATE_METHOD_MATCH = YES;
				COPY_PHASE_STRIP = NO;
				DEBUG_INFORMATION_FORMAT = "dwarf-with-dsym";
				ENABLE_NS_ASSERTIONS = NO;
				ENABLE_STRICT_OBJC_MSGSEND = YES;
				GCC_C_LANGUAGE_STANDARD = gnu11;
				GCC_NO_COMMON_BLOCKS = YES;
				GCC_WARN_64_TO_32_BIT_CONVERSION = YES;
				GCC_WARN_ABOUT_RETURN_TYPE = YES_ERROR;
				GCC_WARN_UNDECLARED_SELECTOR = YES;
				GCC_WARN_UNINITIALIZED_AUTOS = YES_AGGRESSIVE;
				GCC_WARN_UNUSED_FUNCTION = YES;
				GCC_WARN_UNUSED_VARIABLE = YES;
				MACOSX_DEPLOYMENT_TARGET = 10.15;
				MTL_ENABLE_DEBUG_INFO = NO;
				MTL_FAST_MATH = YES;
				SDKROOT = macosx;
			};
			name = Release;
		};
		48A673C023E1758F007F5ECF /* Debug */ = {
			isa = XCBuildConfiguration;
			buildSettings = {
				CODE_SIGN_STYLE = Automatic;
				DEVELOPMENT_TEAM = Q9F4SLKFC6;
				ENABLE_HARDENED_RUNTIME = YES;
				PRODUCT_NAME = "$(TARGET_NAME)";
			};
			name = Debug;
		};
		48A673C123E1758F007F5ECF /* Release */ = {
			isa = XCBuildConfiguration;
			buildSettings = {
				CODE_SIGN_STYLE = Automatic;
				DEVELOPMENT_TEAM = Q9F4SLKFC6;
				ENABLE_HARDENED_RUNTIME = YES;
				PRODUCT_NAME = "$(TARGET_NAME)";
			};
			name = Release;
		};
/* End XCBuildConfiguration section */

/* Begin XCConfigurationList section */
		48A673B323E1758F007F5ECF /* Build configuration list for PBXProject "OC26" */ = {
			isa = XCConfigurationList;
			buildConfigurations = (
				48A673BD23E1758F007F5ECF /* Debug */,
				48A673BE23E1758F007F5ECF /* Release */,
			);
			defaultConfigurationIsVisible = 0;
			defaultConfigurationName = Release;
		};
		48A673BF23E1758F007F5ECF /* Build configuration list for PBXNativeTarget "OC26" */ = {
			isa = XCConfigurationList;
			buildConfigurations = (
				48A673C023E1758F007F5ECF /* Debug */,
				48A673C123E1758F007F5ECF /* Release */,
			);
			defaultConfigurationIsVisible = 0;
			defaultConfigurationName = Release;
		};
/* End XCConfigurationList section */
	};
	rootObject = 48A673B023E1758F007F5ECF /* Project object */;
}
