// !$*UTF8*$!
{
	archiveVersion = 1;
	classes = {
	};
	objectVersion = 50;
	objects = {

/* Begin PBXBuildFile section */
		48DD4D8C23EBFB1B00AA3C0E /* main.m in Sources */ = {isa = PBXBuildFile; fileRef = 48DD4D8B23EBFB1B00AA3C0E /* main.m */; };
		48DD4D9423EBFB4300AA3C0E /* King.m in Sources */ = {isa = PBXBuildFile; fileRef = 48DD4D9323EBFB4300AA3C0E /* King.m */; };
		48DD4D9723EBFB5400AA3C0E /* Farmer.m in Sources */ = {isa = PBXBuildFile; fileRef = 48DD4D9623EBFB5400AA3C0E /* Farmer.m */; };
		48DD4D9A23EBFB6700AA3C0E /* Worker.m in Sources */ = {isa = PBXBuildFile; fileRef = 48DD4D9923EBFB6700AA3C0E /* Worker.m */; };
/* End PBXBuildFile section */

/* Begin PBXCopyFilesBuildPhase section */
		48DD4D8623EBFB1B00AA3C0E /* CopyFiles */ = {
			isa = PBXCopyFilesBuildPhase;
			buildActionMask = 2147483647;
			dstPath = /usr/share/man/man1/;
			dstSubfolderSpec = 0;
			files = (
			);
			runOnlyForDeploymentPostprocessing = 1;
		};
/* End PBXCopyFilesBuildPhase section */

/* Begin PBXFileReference section */
		48DD4D8823EBFB1B00AA3C0E /* OC33 */ = {isa = PBXFileReference; explicitFileType = "compiled.mach-o.executable"; includeInIndex = 0; path = OC33; sourceTree = BUILT_PRODUCTS_DIR; };
		48DD4D8B23EBFB1B00AA3C0E /* main.m */ = {isa = PBXFileReference; lastKnownFileType = sourcecode.c.objc; path = main.m; sourceTree = "<group>"; };
		48DD4D9223EBFB4300AA3C0E /* King.h */ = {isa = PBXFileReference; lastKnownFileType = sourcecode.c.h; path = King.h; sourceTree = "<group>"; };
		48DD4D9323EBFB4300AA3C0E /* King.m */ = {isa = PBXFileReference; lastKnownFileType = sourcecode.c.objc; path = King.m; sourceTree = "<group>"; };
		48DD4D9523EBFB5400AA3C0E /* Farmer.h */ = {isa = PBXFileReference; lastKnownFileType = sourcecode.c.h; path = Farmer.h; sourceTree = "<group>"; };
		48DD4D9623EBFB5400AA3C0E /* Farmer.m */ = {isa = PBXFileReference; lastKnownFileType = sourcecode.c.objc; path = Farmer.m; sourceTree = "<group>"; };
		48DD4D9823EBFB6700AA3C0E /* Worker.h */ = {isa = PBXFileReference; lastKnownFileType = sourcecode.c.h; path = Worker.h; sourceTree = "<group>"; };
		48DD4D9923EBFB6700AA3C0E /* Worker.m */ = {isa = PBXFileReference; lastKnownFileType = sourcecode.c.objc; path = Worker.m; sourceTree = "<group>"; };
/* End PBXFileReference section */

/* Begin PBXFrameworksBuildPhase section */
		48DD4D8523EBFB1B00AA3C0E /* Frameworks */ = {
			isa = PBXFrameworksBuildPhase;
			buildActionMask = 2147483647;
			files = (
			);
			runOnlyForDeploymentPostprocessing = 0;
		};
/* End PBXFrameworksBuildPhase section */

/* Begin PBXGroup section */
		48DD4D7F23EBFB1B00AA3C0E = {
			isa = PBXGroup;
			children = (
				48DD4D8A23EBFB1B00AA3C0E /* OC33 */,
				48DD4D8923EBFB1B00AA3C0E /* Products */,
			);
			sourceTree = "<group>";
		};
		48DD4D8923EBFB1B00AA3C0E /* Products */ = {
			isa = PBXGroup;
			children = (
				48DD4D8823EBFB1B00AA3C0E /* OC33 */,
			);
			name = Products;
			sourceTree = "<group>";
		};
		48DD4D8A23EBFB1B00AA3C0E /* OC33 */ = {
			isa = PBXGroup;
			children = (
				48DD4D8B23EBFB1B00AA3C0E /* main.m */,
				48DD4D9223EBFB4300AA3C0E /* King.h */,
				48DD4D9323EBFB4300AA3C0E /* King.m */,
				48DD4D9523EBFB5400AA3C0E /* Farmer.h */,
				48DD4D9623EBFB5400AA3C0E /* Farmer.m */,
				48DD4D9823EBFB6700AA3C0E /* Worker.h */,
				48DD4D9923EBFB6700AA3C0E /* Worker.m */,
			);
			path = OC33;
			sourceTree = "<group>";
		};
/* End PBXGroup section */

/* Begin PBXNativeTarget section */
		48DD4D8723EBFB1B00AA3C0E /* OC33 */ = {
			isa = PBXNativeTarget;
			buildConfigurationList = 48DD4D8F23EBFB1C00AA3C0E /* Build configuration list for PBXNativeTarget "OC33" */;
			buildPhases = (
				48DD4D8423EBFB1B00AA3C0E /* Sources */,
				48DD4D8523EBFB1B00AA3C0E /* Frameworks */,
				48DD4D8623EBFB1B00AA3C0E /* CopyFiles */,
			);
			buildRules = (
			);
			dependencies = (
			);
			name = OC33;
			productName = OC33;
			productReference = 48DD4D8823EBFB1B00AA3C0E /* OC33 */;
			productType = "com.apple.product-type.tool";
		};
/* End PBXNativeTarget section */

/* Begin PBXProject section */
		48DD4D8023EBFB1B00AA3C0E /* Project object */ = {
			isa = PBXProject;
			attributes = {
				LastUpgradeCheck = 1130;
				ORGANIZATIONNAME = zmrbak;
				TargetAttributes = {
					48DD4D8723EBFB1B00AA3C0E = {
						CreatedOnToolsVersion = 11.3.1;
					};
				};
			};
			buildConfigurationList = 48DD4D8323EBFB1B00AA3C0E /* Build configuration list for PBXProject "OC33" */;
			compatibilityVersion = "Xcode 9.3";
			developmentRegion = en;
			hasScannedForEncodings = 0;
			knownRegions = (
				en,
				Base,
			);
			mainGroup = 48DD4D7F23EBFB1B00AA3C0E;
			productRefGroup = 48DD4D8923EBFB1B00AA3C0E /* Products */;
			projectDirPath = "";
			projectRoot = "";
			targets = (
				48DD4D8723EBFB1B00AA3C0E /* OC33 */,
			);
		};
/* End PBXProject section */

/* Begin PBXSourcesBuildPhase section */
		48DD4D8423EBFB1B00AA3C0E /* Sources */ = {
			isa = PBXSourcesBuildPhase;
			buildActionMask = 2147483647;
			files = (
				48DD4D9423EBFB4300AA3C0E /* King.m in Sources */,
				48DD4D9A23EBFB6700AA3C0E /* Worker.m in Sources */,
				48DD4D9723EBFB5400AA3C0E /* Farmer.m in Sources */,
				48DD4D8C23EBFB1B00AA3C0E /* main.m in Sources */,
			);
			runOnlyForDeploymentPostprocessing = 0;
		};
/* End PBXSourcesBuildPhase section */

/* Begin XCBuildConfiguration section */
		48DD4D8D23EBFB1B00AA3C0E /* Debug */ = {
			isa = XCBuildConfiguration;
			buildSettings = {
				ALWAYS_SEARCH_USER_PATHS = NO;
				CLANG_ANALYZER_NONNULL = YES;
				CLANG_ANALYZER_NUMBER_OBJECT_CONVERSION = YES_AGGRESSIVE;
				CLANG_CXX_LANGUAGE_STANDARD = "gnu++14";
				CLANG_CXX_LIBRARY = "libc++";
				CLANG_ENABLE_MODULES = YES;
				CLANG_ENABLE_OBJC_ARC = YES;
				CLANG_ENABLE_OBJC_WEAK = YES;
				CLANG_WARN_BLOCK_CAPTURE_AUTORELEASING = YES;
				CLANG_WARN_BOOL_CONVERSION = YES;
				CLANG_WARN_COMMA = YES;
				CLANG_WARN_CONSTANT_CONVERSION = YES;
				CLANG_WARN_DEPRECATED_OBJC_IMPLEMENTATIONS = YES;
				CLANG_WARN_DIRECT_OBJC_ISA_USAGE = YES_ERROR;
				CLANG_WARN_DOCUMENTATION_COMMENTS = YES;
				CLANG_WARN_EMPTY_BODY = YES;
				CLANG_WARN_ENUM_CONVERSION = YES;
				CLANG_WARN_INFINITE_RECURSION = YES;
				CLANG_WARN_INT_CONVERSION = YES;
				CLANG_WARN_NON_LITERAL_NULL_CONVERSION = YES;
				CLANG_WARN_OBJC_IMPLICIT_RETAIN_SELF = YES;
				CLANG_WARN_OBJC_LITERAL_CONVERSION = YES;
				CLANG_WARN_OBJC_ROOT_CLASS = YES_ERROR;
				CLANG_WARN_RANGE_LOOP_ANALYSIS = YES;
				CLANG_WARN_STRICT_PROTOTYPES = YES;
				CLANG_WARN_SUSPICIOUS_MOVE = YES;
				CLANG_WARN_UNGUARDED_AVAILABILITY = YES_AGGRESSIVE;
				CLANG_WARN_UNREACHABLE_CODE = YES;
				CLANG_WARN__DUPLICATE_METHOD_MATCH = YES;
				COPY_PHASE_STRIP = NO;
				DEBUG_INFORMATION_FORMAT = dwarf;
				ENABLE_STRICT_OBJC_MSGSEND = YES;
				ENABLE_TESTABILITY = YES;
				GCC_C_LANGUAGE_STANDARD = gnu11;
				GCC_DYNAMIC_NO_PIC = NO;
				GCC_NO_COMMON_BLOCKS = YES;
				GCC_OPTIMIZATION_LEVEL = 0;
				GCC_PREPROCESSOR_DEFINITIONS = (
					"DEBUG=1",
					"$(inherited)",
				);
				GCC_WARN_64_TO_32_BIT_CONVERSION = YES;
				GCC_WARN_ABOUT_RETURN_TYPE = YES_ERROR;
				GCC_WARN_UNDECLARED_SELECTOR = YES;
				GCC_WARN_UNINITIALIZED_AUTOS = YES_AGGRESSIVE;
				GCC_WARN_UNUSED_FUNCTION = YES;
				GCC_WARN_UNUSED_VARIABLE = YES;
				MACOSX_DEPLOYMENT_TARGET = 10.15;
				MTL_ENABLE_DEBUG_INFO = INCLUDE_SOURCE;
				MTL_FAST_MATH = YES;
				ONLY_ACTIVE_ARCH = YES;
				SDKROOT = macosx;
			};
			name = Debug;
		};
		48DD4D8E23EBFB1B00AA3C0E /* Release */ = {
			isa = XCBuildConfiguration;
			buildSettings = {
				ALWAYS_SEARCH_USER_PATHS = NO;
				CLANG_ANALYZER_NONNULL = YES;
				CLANG_ANALYZER_NUMBER_OBJECT_CONVERSION = YES_AGGRESSIVE;
				CLANG_CXX_LANGUAGE_STANDARD = "gnu++14";
				CLANG_CXX_LIBRARY = "libc++";
				CLANG_ENABLE_MODULES = YES;
				CLANG_ENABLE_OBJC_ARC = YES;
				CLANG_ENABLE_OBJC_WEAK = YES;
				CLANG_WARN_BLOCK_CAPTURE_AUTORELEASING = YES;
				CLANG_WARN_BOOL_CONVERSION = YES;
				CLANG_WARN_COMMA = YES;
				CLANG_WARN_CONSTANT_CONVERSION = YES;
				CLANG_WARN_DEPRECATED_OBJC_IMPLEMENTATIONS = YES;
				CLANG_WARN_DIRECT_OBJC_ISA_USAGE = YES_ERROR;
				CLANG_WARN_DOCUMENTATION_COMMENTS = YES;
				CLANG_WARN_EMPTY_BODY = YES;
				CLANG_WARN_ENUM_CONVERSION = YES;
				CLANG_WARN_INFINITE_RECURSION = YES;
				CLANG_WARN_INT_CONVERSION = YES;
				CLANG_WARN_NON_LITERAL_NULL_CONVERSION = YES;
				CLANG_WARN_OBJC_IMPLICIT_RETAIN_SELF = YES;
				CLANG_WARN_OBJC_LITERAL_CONVERSION = YES;
				CLANG_WARN_OBJC_ROOT_CLASS = YES_ERROR;
				CLANG_WARN_RANGE_LOOP_ANALYSIS = YES;
				CLANG_WARN_STRICT_PROTOTYPES = YES;
				CLANG_WARN_SUSPICIOUS_MOVE = YES;
				CLANG_WARN_UNGUARDED_AVAILABILITY = YES_AGGRESSIVE;
				CLANG_WARN_UNREACHABLE_CODE = YES;
				CLANG_WARN__DUPLICATE_METHOD_MATCH = YES;
				COPY_PHASE_STRIP = NO;
				DEBUG_INFORMATION_FORMAT = "dwarf-with-dsym";
				ENABLE_NS_ASSERTIONS = NO;
				ENABLE_STRICT_OBJC_MSGSEND = YES;
				GCC_C_LANGUAGE_STANDARD = gnu11;
				GCC_NO_COMMON_BLOCKS = YES;
				GCC_WARN_64_TO_32_BIT_CONVERSION = YES;
				GCC_WARN_ABOUT_RETURN_TYPE = YES_ERROR;
				GCC_WARN_UNDECLARED_SELECTOR = YES;
				GCC_WARN_UNINITIALIZED_AUTOS = YES_AGGRESSIVE;
				GCC_WARN_UNUSED_FUNCTION = YES;
				GCC_WARN_UNUSED_VARIABLE = YES;
				MACOSX_DEPLOYMENT_TARGET = 10.15;
				MTL_ENABLE_DEBUG_INFO = NO;
				MTL_FAST_MATH = YES;
				SDKROOT = macosx;
			};
			name = Release;
		};
		48DD4D9023EBFB1C00AA3C0E /* Debug */ = {
			isa = XCBuildConfiguration;
			buildSettings = {
				CODE_SIGN_STYLE = Automatic;
				DEVELOPMENT_TEAM = Q9F4SLKFC6;
				ENABLE_HARDENED_RUNTIME = YES;
				PRODUCT_NAME = "$(TARGET_NAME)";
			};
			name = Debug;
		};
		48DD4D9123EBFB1C00AA3C0E /* Release */ = {
			isa = XCBuildConfiguration;
			buildSettings = {
				CODE_SIGN_STYLE = Automatic;
				DEVELOPMENT_TEAM = Q9F4SLKFC6;
				ENABLE_HARDENED_RUNTIME = YES;
				PRODUCT_NAME = "$(TARGET_NAME)";
			};
			name = Release;
		};
/* End XCBuildConfiguration section */

/* Begin XCConfigurationList section */
		48DD4D8323EBFB1B00AA3C0E /* Build configuration list for PBXProject "OC33" */ = {
			isa = XCConfigurationList;
			buildConfigurations = (
				48DD4D8D23EBFB1B00AA3C0E /* Debug */,
				48DD4D8E23EBFB1B00AA3C0E /* Release */,
			);
			defaultConfigurationIsVisible = 0;
			defaultConfigurationName = Release;
		};
		48DD4D8F23EBFB1C00AA3C0E /* Build configuration list for PBXNativeTarget "OC33" */ = {
			isa = XCConfigurationList;
			buildConfigurations = (
				48DD4D9023EBFB1C00AA3C0E /* Debug */,
				48DD4D9123EBFB1C00AA3C0E /* Release */,
			);
			defaultConfigurationIsVisible = 0;
			defaultConfigurationName = Release;
		};
/* End XCConfigurationList section */
	};
	rootObject = 48DD4D8023EBFB1B00AA3C0E /* Project object */;
}
