// !$*UTF8*$!
{
	archiveVersion = 1;
	classes = {
	};
	objectVersion = 50;
	objects = {

/* Begin PBXBuildFile section */
		48F3216D241CCF90004FA6B6 /* main.m in Sources */ = {isa = PBXBuildFile; fileRef = 48F3216C241CCF90004FA6B6 /* main.m */; };
		48F32175241CCFAD004FA6B6 /* A.m in Sources */ = {isa = PBXBuildFile; fileRef = 48F32174241CCFAD004FA6B6 /* A.m */; };
		48F32178241CCFB5004FA6B6 /* B.m in Sources */ = {isa = PBXBuildFile; fileRef = 48F32177241CCFB5004FA6B6 /* B.m */; };
		48F3217B241CCFBC004FA6B6 /* C.m in Sources */ = {isa = PBXBuildFile; fileRef = 48F3217A241CCFBC004FA6B6 /* C.m */; };
/* End PBXBuildFile section */

/* Begin PBXCopyFilesBuildPhase section */
		48F32167241CCF8F004FA6B6 /* CopyFiles */ = {
			isa = PBXCopyFilesBuildPhase;
			buildActionMask = 2147483647;
			dstPath = /usr/share/man/man1/;
			dstSubfolderSpec = 0;
			files = (
			);
			runOnlyForDeploymentPostprocessing = 1;
		};
/* End PBXCopyFilesBuildPhase section */

/* Begin PBXFileReference section */
		48F32169241CCF8F004FA6B6 /* OC39 */ = {isa = PBXFileReference; explicitFileType = "compiled.mach-o.executable"; includeInIndex = 0; path = OC39; sourceTree = BUILT_PRODUCTS_DIR; };
		48F3216C241CCF90004FA6B6 /* main.m */ = {isa = PBXFileReference; lastKnownFileType = sourcecode.c.objc; path = main.m; sourceTree = "<group>"; };
		48F32173241CCFAD004FA6B6 /* A.h */ = {isa = PBXFileReference; lastKnownFileType = sourcecode.c.h; path = A.h; sourceTree = "<group>"; };
		48F32174241CCFAD004FA6B6 /* A.m */ = {isa = PBXFileReference; lastKnownFileType = sourcecode.c.objc; path = A.m; sourceTree = "<group>"; };
		48F32176241CCFB5004FA6B6 /* B.h */ = {isa = PBXFileReference; lastKnownFileType = sourcecode.c.h; path = B.h; sourceTree = "<group>"; };
		48F32177241CCFB5004FA6B6 /* B.m */ = {isa = PBXFileReference; lastKnownFileType = sourcecode.c.objc; path = B.m; sourceTree = "<group>"; };
		48F32179241CCFBC004FA6B6 /* C.h */ = {isa = PBXFileReference; lastKnownFileType = sourcecode.c.h; path = C.h; sourceTree = "<group>"; };
		48F3217A241CCFBC004FA6B6 /* C.m */ = {isa = PBXFileReference; lastKnownFileType = sourcecode.c.objc; path = C.m; sourceTree = "<group>"; };
/* End PBXFileReference section */

/* Begin PBXFrameworksBuildPhase section */
		48F32166241CCF8F004FA6B6 /* Frameworks */ = {
			isa = PBXFrameworksBuildPhase;
			buildActionMask = 2147483647;
			files = (
			);
			runOnlyForDeploymentPostprocessing = 0;
		};
/* End PBXFrameworksBuildPhase section */

/* Begin PBXGroup section */
		48F32160241CCF8F004FA6B6 = {
			isa = PBXGroup;
			children = (
				48F3216B241CCF90004FA6B6 /* OC39 */,
				48F3216A241CCF8F004FA6B6 /* Products */,
			);
			sourceTree = "<group>";
		};
		48F3216A241CCF8F004FA6B6 /* Products */ = {
			isa = PBXGroup;
			children = (
				48F32169241CCF8F004FA6B6 /* OC39 */,
			);
			name = Products;
			sourceTree = "<group>";
		};
		48F3216B241CCF90004FA6B6 /* OC39 */ = {
			isa = PBXGroup;
			children = (
				48F3216C241CCF90004FA6B6 /* main.m */,
				48F32173241CCFAD004FA6B6 /* A.h */,
				48F32174241CCFAD004FA6B6 /* A.m */,
				48F32176241CCFB5004FA6B6 /* B.h */,
				48F32177241CCFB5004FA6B6 /* B.m */,
				48F32179241CCFBC004FA6B6 /* C.h */,
				48F3217A241CCFBC004FA6B6 /* C.m */,
			);
			path = OC39;
			sourceTree = "<group>";
		};
/* End PBXGroup section */

/* Begin PBXNativeTarget section */
		48F32168241CCF8F004FA6B6 /* OC39 */ = {
			isa = PBXNativeTarget;
			buildConfigurationList = 48F32170241CCF90004FA6B6 /* Build configuration list for PBXNativeTarget "OC39" */;
			buildPhases = (
				48F32165241CCF8F004FA6B6 /* Sources */,
				48F32166241CCF8F004FA6B6 /* Frameworks */,
				48F32167241CCF8F004FA6B6 /* CopyFiles */,
			);
			buildRules = (
			);
			dependencies = (
			);
			name = OC39;
			productName = OC39;
			productReference = 48F32169241CCF8F004FA6B6 /* OC39 */;
			productType = "com.apple.product-type.tool";
		};
/* End PBXNativeTarget section */

/* Begin PBXProject section */
		48F32161241CCF8F004FA6B6 /* Project object */ = {
			isa = PBXProject;
			attributes = {
				LastUpgradeCheck = 1130;
				ORGANIZATIONNAME = zmrbak;
				TargetAttributes = {
					48F32168241CCF8F004FA6B6 = {
						CreatedOnToolsVersion = 11.3.1;
					};
				};
			};
			buildConfigurationList = 48F32164241CCF8F004FA6B6 /* Build configuration list for PBXProject "OC39" */;
			compatibilityVersion = "Xcode 9.3";
			developmentRegion = en;
			hasScannedForEncodings = 0;
			knownRegions = (
				en,
				Base,
			);
			mainGroup = 48F32160241CCF8F004FA6B6;
			productRefGroup = 48F3216A241CCF8F004FA6B6 /* Products */;
			projectDirPath = "";
			projectRoot = "";
			targets = (
				48F32168241CCF8F004FA6B6 /* OC39 */,
			);
		};
/* End PBXProject section */

/* Begin PBXSourcesBuildPhase section */
		48F32165241CCF8F004FA6B6 /* Sources */ = {
			isa = PBXSourcesBuildPhase;
			buildActionMask = 2147483647;
			files = (
				48F32178241CCFB5004FA6B6 /* B.m in Sources */,
				48F3217B241CCFBC004FA6B6 /* C.m in Sources */,
				48F3216D241CCF90004FA6B6 /* main.m in Sources */,
				48F32175241CCFAD004FA6B6 /* A.m in Sources */,
			);
			runOnlyForDeploymentPostprocessing = 0;
		};
/* End PBXSourcesBuildPhase section */

/* Begin XCBuildConfiguration section */
		48F3216E241CCF90004FA6B6 /* Debug */ = {
			isa = XCBuildConfiguration;
			buildSettings = {
				ALWAYS_SEARCH_USER_PATHS = NO;
				CLANG_ANALYZER_NONNULL = YES;
				CLANG_ANALYZER_NUMBER_OBJECT_CONVERSION = YES_AGGRESSIVE;
				CLANG_CXX_LANGUAGE_STANDARD = "gnu++14";
				CLANG_CXX_LIBRARY = "libc++";
				CLANG_ENABLE_MODULES = YES;
				CLANG_ENABLE_OBJC_ARC = YES;
				CLANG_ENABLE_OBJC_WEAK = YES;
				CLANG_WARN_BLOCK_CAPTURE_AUTORELEASING = YES;
				CLANG_WARN_BOOL_CONVERSION = YES;
				CLANG_WARN_COMMA = YES;
				CLANG_WARN_CONSTANT_CONVERSION = YES;
				CLANG_WARN_DEPRECATED_OBJC_IMPLEMENTATIONS = YES;
				CLANG_WARN_DIRECT_OBJC_ISA_USAGE = YES_ERROR;
				CLANG_WARN_DOCUMENTATION_COMMENTS = YES;
				CLANG_WARN_EMPTY_BODY = YES;
				CLANG_WARN_ENUM_CONVERSION = YES;
				CLANG_WARN_INFINITE_RECURSION = YES;
				CLANG_WARN_INT_CONVERSION = YES;
				CLANG_WARN_NON_LITERAL_NULL_CONVERSION = YES;
				CLANG_WARN_OBJC_IMPLICIT_RETAIN_SELF = YES;
				CLANG_WARN_OBJC_LITERAL_CONVERSION = YES;
				CLANG_WARN_OBJC_ROOT_CLASS = YES_ERROR;
				CLANG_WARN_RANGE_LOOP_ANALYSIS = YES;
				CLANG_WARN_STRICT_PROTOTYPES = YES;
				CLANG_WARN_SUSPICIOUS_MOVE = YES;
				CLANG_WARN_UNGUARDED_AVAILABILITY = YES_AGGRESSIVE;
				CLANG_WARN_UNREACHABLE_CODE = YES;
				CLANG_WARN__DUPLICATE_METHOD_MATCH = YES;
				COPY_PHASE_STRIP = NO;
				DEBUG_INFORMATION_FORMAT = dwarf;
				ENABLE_STRICT_OBJC_MSGSEND = YES;
				ENABLE_TESTABILITY = YES;
				GCC_C_LANGUAGE_STANDARD = gnu11;
				GCC_DYNAMIC_NO_PIC = NO;
				GCC_NO_COMMON_BLOCKS = YES;
				GCC_OPTIMIZATION_LEVEL = 0;
				GCC_PREPROCESSOR_DEFINITIONS = (
					"DEBUG=1",
					"$(inherited)",
				);
				GCC_WARN_64_TO_32_BIT_CONVERSION = YES;
				GCC_WARN_ABOUT_RETURN_TYPE = YES_ERROR;
				GCC_WARN_UNDECLARED_SELECTOR = YES;
				GCC_WARN_UNINITIALIZED_AUTOS = YES_AGGRESSIVE;
				GCC_WARN_UNUSED_FUNCTION = YES;
				GCC_WARN_UNUSED_VARIABLE = YES;
				MACOSX_DEPLOYMENT_TARGET = 10.15;
				MTL_ENABLE_DEBUG_INFO = INCLUDE_SOURCE;
				MTL_FAST_MATH = YES;
				ONLY_ACTIVE_ARCH = YES;
				SDKROOT = macosx;
			};
			name = Debug;
		};
		48F3216F241CCF90004FA6B6 /* Release */ = {
			isa = XCBuildConfiguration;
			buildSettings = {
				ALWAYS_SEARCH_USER_PATHS = NO;
				CLANG_ANALYZER_NONNULL = YES;
				CLANG_ANALYZER_NUMBER_OBJECT_CONVERSION = YES_AGGRESSIVE;
				CLANG_CXX_LANGUAGE_STANDARD = "gnu++14";
				CLANG_CXX_LIBRARY = "libc++";
				CLANG_ENABLE_MODULES = YES;
				CLANG_ENABLE_OBJC_ARC = YES;
				CLANG_ENABLE_OBJC_WEAK = YES;
				CLANG_WARN_BLOCK_CAPTURE_AUTORELEASING = YES;
				CLANG_WARN_BOOL_CONVERSION = YES;
				CLANG_WARN_COMMA = YES;
				CLANG_WARN_CONSTANT_CONVERSION = YES;
				CLANG_WARN_DEPRECATED_OBJC_IMPLEMENTATIONS = YES;
				CLANG_WARN_DIRECT_OBJC_ISA_USAGE = YES_ERROR;
				CLANG_WARN_DOCUMENTATION_COMMENTS = YES;
				CLANG_WARN_EMPTY_BODY = YES;
				CLANG_WARN_ENUM_CONVERSION = YES;
				CLANG_WARN_INFINITE_RECURSION = YES;
				CLANG_WARN_INT_CONVERSION = YES;
				CLANG_WARN_NON_LITERAL_NULL_CONVERSION = YES;
				CLANG_WARN_OBJC_IMPLICIT_RETAIN_SELF = YES;
				CLANG_WARN_OBJC_LITERAL_CONVERSION = YES;
				CLANG_WARN_OBJC_ROOT_CLASS = YES_ERROR;
				CLANG_WARN_RANGE_LOOP_ANALYSIS = YES;
				CLANG_WARN_STRICT_PROTOTYPES = YES;
				CLANG_WARN_SUSPICIOUS_MOVE = YES;
				CLANG_WARN_UNGUARDED_AVAILABILITY = YES_AGGRESSIVE;
				CLANG_WARN_UNREACHABLE_CODE = YES;
				CLANG_WARN__DUPLICATE_METHOD_MATCH = YES;
				COPY_PHASE_STRIP = NO;
				DEBUG_INFORMATION_FORMAT = "dwarf-with-dsym";
				ENABLE_NS_ASSERTIONS = NO;
				ENABLE_STRICT_OBJC_MSGSEND = YES;
				GCC_C_LANGUAGE_STANDARD = gnu11;
				GCC_NO_COMMON_BLOCKS = YES;
				GCC_WARN_64_TO_32_BIT_CONVERSION = YES;
				GCC_WARN_ABOUT_RETURN_TYPE = YES_ERROR;
				GCC_WARN_UNDECLARED_SELECTOR = YES;
				GCC_WARN_UNINITIALIZED_AUTOS = YES_AGGRESSIVE;
				GCC_WARN_UNUSED_FUNCTION = YES;
				GCC_WARN_UNUSED_VARIABLE = YES;
				MACOSX_DEPLOYMENT_TARGET = 10.15;
				MTL_ENABLE_DEBUG_INFO = NO;
				MTL_FAST_MATH = YES;
				SDKROOT = macosx;
			};
			name = Release;
		};
		48F32171241CCF90004FA6B6 /* Debug */ = {
			isa = XCBuildConfiguration;
			buildSettings = {
				CODE_SIGN_STYLE = Automatic;
				DEVELOPMENT_TEAM = Q9F4SLKFC6;
				ENABLE_HARDENED_RUNTIME = YES;
				PRODUCT_NAME = "$(TARGET_NAME)";
			};
			name = Debug;
		};
		48F32172241CCF90004FA6B6 /* Release */ = {
			isa = XCBuildConfiguration;
			buildSettings = {
				CODE_SIGN_STYLE = Automatic;
				DEVELOPMENT_TEAM = Q9F4SLKFC6;
				ENABLE_HARDENED_RUNTIME = YES;
				PRODUCT_NAME = "$(TARGET_NAME)";
			};
			name = Release;
		};
/* End XCBuildConfiguration section */

/* Begin XCConfigurationList section */
		48F32164241CCF8F004FA6B6 /* Build configuration list for PBXProject "OC39" */ = {
			isa = XCConfigurationList;
			buildConfigurations = (
				48F3216E241CCF90004FA6B6 /* Debug */,
				48F3216F241CCF90004FA6B6 /* Release */,
			);
			defaultConfigurationIsVisible = 0;
			defaultConfigurationName = Release;
		};
		48F32170241CCF90004FA6B6 /* Build configuration list for PBXNativeTarget "OC39" */ = {
			isa = XCConfigurationList;
			buildConfigurations = (
				48F32171241CCF90004FA6B6 /* Debug */,
				48F32172241CCF90004FA6B6 /* Release */,
			);
			defaultConfigurationIsVisible = 0;
			defaultConfigurationName = Release;
		};
/* End XCConfigurationList section */
	};
	rootObject = 48F32161241CCF8F004FA6B6 /* Project object */;
}
